
Microsoft Visual Studio Solution File, Format Version 12.00
# Visual Studio Version 16
VisualStudioVersion = 16.0.808.5
MinimumVisualStudioVersion = 10.0.40219.1
Project("{FAE04EC0-301F-11D3-BF4B-00C04F79EFBC}") = "COMP1003Mastermind", "COMP1003Mastermind\COMP1003Mastermind.csproj", "{A040E18C-74E8-4349-BE61-CB2723350AE8}"
EndProject
Global
	GlobalSection(SolutionConfigurationPlatforms) = preSolution
		Debug|Any CPU = Debug|Any CPU
		Release|Any CPU = Release|Any CPU
	EndGlobalSection
	GlobalSection(ProjectConfigurationPlatforms) = postSolution
		{A040E18C-74E8-4349-BE61-CB2723350AE8}.Debug|Any CPU.ActiveCfg = Debug|Any CPU
		{A040E18C-74E8-4349-BE61-CB2723350AE8}.Debug|Any CPU.Build.0 = Debug|Any CPU
		{A040E18C-74E8-4349-BE61-CB2723350AE8}.Release|Any CPU.ActiveCfg = Release|Any CPU
		{A040E18C-74E8-4349-BE61-CB2723350AE8}.Release|Any CPU.Build.0 = Release|Any CPU
	EndGlobalSection
	GlobalSection(SolutionProperties) = preSolution
		HideSolutionNode = FALSE
	EndGlobalSection
	GlobalSection(ExtensibilityGlobals) = postSolution
		SolutionGuid = {5FB34DE3-7B78-4451-AD49-F638E293D9F8}
	EndGlobalSection
EndGlobal
